
Microsoft Visual Studio Solution File, Format Version 12.00
# Visual Studio Version 17
VisualStudioVersion = 17.5.33424.131
MinimumVisualStudioVersion = 10.0.40219.1
Project("{8BC9CEB8-8B4A-11D0-8D11-00A0C91BC942}") = "SFML_EditorWidget", "SFML_EditorWidget.vcxproj", "{8C99AE69-42A6-415B-AA22-51F3EA12464E}"
	ProjectSection(ProjectDependencies) = postProject
		{13A6A7C1-08CD-3BD8-B2B0-9E659078E6F5} = {13A6A7C1-08CD-3BD8-B2B0-9E659078E6F5}
		{60F69B80-2549-3C84-9D11-3E05220F8D66} = {60F69B80-2549-3C84-9D11-3E05220F8D66}
	EndProjectSection
EndProject
Project("{2150E333-8FDC-42A3-9474-1A3956D46DE8}") = "Submodules", "Submodules", "{A616B106-87E3-464E-A53D-34E02C35F3AD}"
EndProject
Project("{8BC9CEB8-8B4A-11D0-8D11-00A0C91BC942}") = "ALL_BUILD", "Submodules\SFML\ALL_BUILD.vcxproj", "{13A6A7C1-08CD-3BD8-B2B0-9E659078E6F5}"
EndProject
Project("{2150E333-8FDC-42A3-9474-1A3956D46DE8}") = "SFML", "SFML", "{13D48647-1AFF-49F3-8264-4C5A3C8E4B52}"
EndProject
Project("{2150E333-8FDC-42A3-9474-1A3956D46DE8}") = "SFML", "SFML", "{FB6E1C46-C4B6-4B4E-A6C0-D52D1973753E}"
EndProject
Project("{2150E333-8FDC-42A3-9474-1A3956D46DE8}") = "CMake", "CMake", "{07B016F7-ED66-4A04-BB62-F1377DF69A20}"
EndProject
Project("{8BC9CEB8-8B4A-11D0-8D11-00A0C91BC942}") = "INSTALL", "Submodules\SFML\INSTALL.vcxproj", "{667C8769-F8B9-3334-8312-8211BDA07B88}"
EndProject
Project("{8BC9CEB8-8B4A-11D0-8D11-00A0C91BC942}") = "PACKAGE", "Submodules\SFML\PACKAGE.vcxproj", "{EA9DFD5C-2531-3B9A-994E-2239E01884A7}"
EndProject
Project("{8BC9CEB8-8B4A-11D0-8D11-00A0C91BC942}") = "ZERO_CHECK", "Submodules\SFML\ZERO_CHECK.vcxproj", "{75742BD6-A842-3CD7-A3F6-2DEF454ABE4B}"
EndProject
Project("{8BC9CEB8-8B4A-11D0-8D11-00A0C91BC942}") = "sfml-audio", "Submodules\SFML\src\SFML\Audio\sfml-audio.vcxproj", "{C6BA9101-F95F-355F-A2D1-00290D17AA60}"
EndProject
Project("{8BC9CEB8-8B4A-11D0-8D11-00A0C91BC942}") = "sfml-graphics", "Submodules\SFML\src\SFML\Graphics\sfml-graphics.vcxproj", "{352FFA3B-C7BE-3E35-9A12-704BEE8F4E54}"
EndProject
Project("{8BC9CEB8-8B4A-11D0-8D11-00A0C91BC942}") = "sfml-main", "Submodules\SFML\src\SFML\Main\sfml-main.vcxproj", "{C5D573D7-B873-3BF3-A071-2CB372E1F7ED}"
EndProject
Project("{8BC9CEB8-8B4A-11D0-8D11-00A0C91BC942}") = "sfml-network", "Submodules\SFML\src\SFML\Network\sfml-network.vcxproj", "{F950D5B6-F047-324B-A572-01342171F793}"
EndProject
Project("{8BC9CEB8-8B4A-11D0-8D11-00A0C91BC942}") = "sfml-system", "Submodules\SFML\src\SFML\System\sfml-system.vcxproj", "{1772F3A4-2629-3EBF-9E19-16CBA41568C7}"
EndProject
Project("{8BC9CEB8-8B4A-11D0-8D11-00A0C91BC942}") = "sfml-window", "Submodules\SFML\src\SFML\Window\sfml-window.vcxproj", "{03A6ED71-EB32-3FBB-8809-0932B2CF2064}"
EndProject
Project("{8BC9CEB8-8B4A-11D0-8D11-00A0C91BC942}") = "tidy", "Submodules\SFML\tidy.vcxproj", "{1C0FA7DC-15EB-37C1-AF6D-3572A26D9ECA}"
EndProject
Project("{8BC9CEB8-8B4A-11D0-8D11-00A0C91BC942}") = "format", "Submodules\SFML\format.vcxproj", "{D6B8F402-F0CB-3B96-BE87-F11776DA1E2C}"
EndProject
Project("{2150E333-8FDC-42A3-9474-1A3956D46DE8}") = "EasyProfiler", "EasyProfiler", "{CFFCEF44-AA3F-4AFF-AAA6-9C91C95D8FB6}"
EndProject
Project("{8BC9CEB8-8B4A-11D0-8D11-00A0C91BC942}") = "ALL_BUILD", "Submodules\EasyProfiler\ALL_BUILD.vcxproj", "{9874E3B7-CB9E-33F5-BB19-B517DA8CD73B}"
EndProject
Project("{8BC9CEB8-8B4A-11D0-8D11-00A0C91BC942}") = "INSTALL", "Submodules\EasyProfiler\INSTALL.vcxproj", "{43F23D3C-7189-32BE-BC21-E1821D0D8D1A}"
EndProject
Project("{8BC9CEB8-8B4A-11D0-8D11-00A0C91BC942}") = "ZERO_CHECK", "Submodules\EasyProfiler\ZERO_CHECK.vcxproj", "{C36F53E7-92BC-347B-BB8D-6102FFAC0591}"
EndProject
Project("{2150E333-8FDC-42A3-9474-1A3956D46DE8}") = "CMakePredefinedTargets", "CMakePredefinedTargets", "{DA09B2FD-71FC-4EF3-B0CE-AF8B46779A6B}"
EndProject
Project("{8BC9CEB8-8B4A-11D0-8D11-00A0C91BC942}") = "easy_profiler", "Submodules\EasyProfiler\easy_profiler_core\easy_profiler.vcxproj", "{60F69B80-2549-3C84-9D11-3E05220F8D66}"
EndProject
Project("{8BC9CEB8-8B4A-11D0-8D11-00A0C91BC942}") = "profiler_converter", "Submodules\EasyProfiler\easy_profiler_converter\profiler_converter.vcxproj", "{573D2909-606A-3138-BC73-C4D78F7675A3}"
EndProject
Project("{8BC9CEB8-8B4A-11D0-8D11-00A0C91BC942}") = "profiler_reader", "Submodules\EasyProfiler\reader\profiler_reader.vcxproj", "{CA9D3256-5384-3ECE-87D2-603DBF2507AB}"
EndProject
Global
	GlobalSection(SolutionConfigurationPlatforms) = preSolution
		Debug|x64 = Debug|x64
		Debug|x86 = Debug|x86
		MinSizeRel|x64 = MinSizeRel|x64
		MinSizeRel|x86 = MinSizeRel|x86
		Release|x64 = Release|x64
		Release|x86 = Release|x86
		RelWithDebInfo|x64 = RelWithDebInfo|x64
		RelWithDebInfo|x86 = RelWithDebInfo|x86
	EndGlobalSection
	GlobalSection(ProjectConfigurationPlatforms) = postSolution
		{8C99AE69-42A6-415B-AA22-51F3EA12464E}.Debug|x64.ActiveCfg = Debug|x64
		{8C99AE69-42A6-415B-AA22-51F3EA12464E}.Debug|x64.Build.0 = Debug|x64
		{8C99AE69-42A6-415B-AA22-51F3EA12464E}.Debug|x86.ActiveCfg = Debug|x64
		{8C99AE69-42A6-415B-AA22-51F3EA12464E}.Debug|x86.Build.0 = Debug|x64
		{8C99AE69-42A6-415B-AA22-51F3EA12464E}.MinSizeRel|x64.ActiveCfg = Release|x64
		{8C99AE69-42A6-415B-AA22-51F3EA12464E}.MinSizeRel|x64.Build.0 = Release|x64
		{8C99AE69-42A6-415B-AA22-51F3EA12464E}.MinSizeRel|x86.ActiveCfg = Release|x64
		{8C99AE69-42A6-415B-AA22-51F3EA12464E}.MinSizeRel|x86.Build.0 = Release|x64
		{8C99AE69-42A6-415B-AA22-51F3EA12464E}.Release|x64.ActiveCfg = Release|x64
		{8C99AE69-42A6-415B-AA22-51F3EA12464E}.Release|x64.Build.0 = Release|x64
		{8C99AE69-42A6-415B-AA22-51F3EA12464E}.Release|x86.ActiveCfg = Release|x64
		{8C99AE69-42A6-415B-AA22-51F3EA12464E}.Release|x86.Build.0 = Release|x64
		{8C99AE69-42A6-415B-AA22-51F3EA12464E}.RelWithDebInfo|x64.ActiveCfg = Release|x64
		{8C99AE69-42A6-415B-AA22-51F3EA12464E}.RelWithDebInfo|x64.Build.0 = Release|x64
		{8C99AE69-42A6-415B-AA22-51F3EA12464E}.RelWithDebInfo|x86.ActiveCfg = Release|x64
		{8C99AE69-42A6-415B-AA22-51F3EA12464E}.RelWithDebInfo|x86.Build.0 = Release|x64
		{13A6A7C1-08CD-3BD8-B2B0-9E659078E6F5}.Debug|x64.ActiveCfg = Debug|x64
		{13A6A7C1-08CD-3BD8-B2B0-9E659078E6F5}.Debug|x64.Build.0 = Debug|x64
		{13A6A7C1-08CD-3BD8-B2B0-9E659078E6F5}.Debug|x86.ActiveCfg = Debug|x64
		{13A6A7C1-08CD-3BD8-B2B0-9E659078E6F5}.Debug|x86.Build.0 = Debug|x64
		{13A6A7C1-08CD-3BD8-B2B0-9E659078E6F5}.MinSizeRel|x64.ActiveCfg = MinSizeRel|x64
		{13A6A7C1-08CD-3BD8-B2B0-9E659078E6F5}.MinSizeRel|x64.Build.0 = MinSizeRel|x64
		{13A6A7C1-08CD-3BD8-B2B0-9E659078E6F5}.MinSizeRel|x86.ActiveCfg = MinSizeRel|x64
		{13A6A7C1-08CD-3BD8-B2B0-9E659078E6F5}.MinSizeRel|x86.Build.0 = MinSizeRel|x64
		{13A6A7C1-08CD-3BD8-B2B0-9E659078E6F5}.Release|x64.ActiveCfg = Release|x64
		{13A6A7C1-08CD-3BD8-B2B0-9E659078E6F5}.Release|x64.Build.0 = Release|x64
		{13A6A7C1-08CD-3BD8-B2B0-9E659078E6F5}.Release|x86.ActiveCfg = Release|x64
		{13A6A7C1-08CD-3BD8-B2B0-9E659078E6F5}.Release|x86.Build.0 = Release|x64
		{13A6A7C1-08CD-3BD8-B2B0-9E659078E6F5}.RelWithDebInfo|x64.ActiveCfg = RelWithDebInfo|x64
		{13A6A7C1-08CD-3BD8-B2B0-9E659078E6F5}.RelWithDebInfo|x64.Build.0 = RelWithDebInfo|x64
		{13A6A7C1-08CD-3BD8-B2B0-9E659078E6F5}.RelWithDebInfo|x86.ActiveCfg = RelWithDebInfo|x64
		{13A6A7C1-08CD-3BD8-B2B0-9E659078E6F5}.RelWithDebInfo|x86.Build.0 = RelWithDebInfo|x64
		{667C8769-F8B9-3334-8312-8211BDA07B88}.Debug|x64.ActiveCfg = Debug|x64
		{667C8769-F8B9-3334-8312-8211BDA07B88}.Debug|x86.ActiveCfg = Debug|x64
		{667C8769-F8B9-3334-8312-8211BDA07B88}.Debug|x86.Build.0 = Debug|x64
		{667C8769-F8B9-3334-8312-8211BDA07B88}.MinSizeRel|x64.ActiveCfg = MinSizeRel|x64
		{667C8769-F8B9-3334-8312-8211BDA07B88}.MinSizeRel|x86.ActiveCfg = MinSizeRel|x64
		{667C8769-F8B9-3334-8312-8211BDA07B88}.MinSizeRel|x86.Build.0 = MinSizeRel|x64
		{667C8769-F8B9-3334-8312-8211BDA07B88}.Release|x64.ActiveCfg = Release|x64
		{667C8769-F8B9-3334-8312-8211BDA07B88}.Release|x86.ActiveCfg = Release|x64
		{667C8769-F8B9-3334-8312-8211BDA07B88}.Release|x86.Build.0 = Release|x64
		{667C8769-F8B9-3334-8312-8211BDA07B88}.RelWithDebInfo|x64.ActiveCfg = RelWithDebInfo|x64
		{667C8769-F8B9-3334-8312-8211BDA07B88}.RelWithDebInfo|x86.ActiveCfg = RelWithDebInfo|x64
		{667C8769-F8B9-3334-8312-8211BDA07B88}.RelWithDebInfo|x86.Build.0 = RelWithDebInfo|x64
		{EA9DFD5C-2531-3B9A-994E-2239E01884A7}.Debug|x64.ActiveCfg = Debug|x64
		{EA9DFD5C-2531-3B9A-994E-2239E01884A7}.Debug|x86.ActiveCfg = Debug|x64
		{EA9DFD5C-2531-3B9A-994E-2239E01884A7}.Debug|x86.Build.0 = Debug|x64
		{EA9DFD5C-2531-3B9A-994E-2239E01884A7}.MinSizeRel|x64.ActiveCfg = MinSizeRel|x64
		{EA9DFD5C-2531-3B9A-994E-2239E01884A7}.MinSizeRel|x86.ActiveCfg = MinSizeRel|x64
		{EA9DFD5C-2531-3B9A-994E-2239E01884A7}.MinSizeRel|x86.Build.0 = MinSizeRel|x64
		{EA9DFD5C-2531-3B9A-994E-2239E01884A7}.Release|x64.ActiveCfg = Release|x64
		{EA9DFD5C-2531-3B9A-994E-2239E01884A7}.Release|x86.ActiveCfg = Release|x64
		{EA9DFD5C-2531-3B9A-994E-2239E01884A7}.Release|x86.Build.0 = Release|x64
		{EA9DFD5C-2531-3B9A-994E-2239E01884A7}.RelWithDebInfo|x64.ActiveCfg = RelWithDebInfo|x64
		{EA9DFD5C-2531-3B9A-994E-2239E01884A7}.RelWithDebInfo|x86.ActiveCfg = RelWithDebInfo|x64
		{EA9DFD5C-2531-3B9A-994E-2239E01884A7}.RelWithDebInfo|x86.Build.0 = RelWithDebInfo|x64
		{75742BD6-A842-3CD7-A3F6-2DEF454ABE4B}.Debug|x64.ActiveCfg = Debug|x64
		{75742BD6-A842-3CD7-A3F6-2DEF454ABE4B}.Debug|x64.Build.0 = Debug|x64
		{75742BD6-A842-3CD7-A3F6-2DEF454ABE4B}.Debug|x86.ActiveCfg = Debug|x64
		{75742BD6-A842-3CD7-A3F6-2DEF454ABE4B}.Debug|x86.Build.0 = Debug|x64
		{75742BD6-A842-3CD7-A3F6-2DEF454ABE4B}.MinSizeRel|x64.ActiveCfg = MinSizeRel|x64
		{75742BD6-A842-3CD7-A3F6-2DEF454ABE4B}.MinSizeRel|x64.Build.0 = MinSizeRel|x64
		{75742BD6-A842-3CD7-A3F6-2DEF454ABE4B}.MinSizeRel|x86.ActiveCfg = MinSizeRel|x64
		{75742BD6-A842-3CD7-A3F6-2DEF454ABE4B}.MinSizeRel|x86.Build.0 = MinSizeRel|x64
		{75742BD6-A842-3CD7-A3F6-2DEF454ABE4B}.Release|x64.ActiveCfg = Release|x64
		{75742BD6-A842-3CD7-A3F6-2DEF454ABE4B}.Release|x64.Build.0 = Release|x64
		{75742BD6-A842-3CD7-A3F6-2DEF454ABE4B}.Release|x86.ActiveCfg = Release|x64
		{75742BD6-A842-3CD7-A3F6-2DEF454ABE4B}.Release|x86.Build.0 = Release|x64
		{75742BD6-A842-3CD7-A3F6-2DEF454ABE4B}.RelWithDebInfo|x64.ActiveCfg = RelWithDebInfo|x64
		{75742BD6-A842-3CD7-A3F6-2DEF454ABE4B}.RelWithDebInfo|x64.Build.0 = RelWithDebInfo|x64
		{75742BD6-A842-3CD7-A3F6-2DEF454ABE4B}.RelWithDebInfo|x86.ActiveCfg = RelWithDebInfo|x64
		{75742BD6-A842-3CD7-A3F6-2DEF454ABE4B}.RelWithDebInfo|x86.Build.0 = RelWithDebInfo|x64
		{C6BA9101-F95F-355F-A2D1-00290D17AA60}.Debug|x64.ActiveCfg = Debug|x64
		{C6BA9101-F95F-355F-A2D1-00290D17AA60}.Debug|x64.Build.0 = Debug|x64
		{C6BA9101-F95F-355F-A2D1-00290D17AA60}.Debug|x86.ActiveCfg = Debug|x64
		{C6BA9101-F95F-355F-A2D1-00290D17AA60}.Debug|x86.Build.0 = Debug|x64
		{C6BA9101-F95F-355F-A2D1-00290D17AA60}.MinSizeRel|x64.ActiveCfg = MinSizeRel|x64
		{C6BA9101-F95F-355F-A2D1-00290D17AA60}.MinSizeRel|x64.Build.0 = MinSizeRel|x64
		{C6BA9101-F95F-355F-A2D1-00290D17AA60}.MinSizeRel|x86.ActiveCfg = MinSizeRel|x64
		{C6BA9101-F95F-355F-A2D1-00290D17AA60}.MinSizeRel|x86.Build.0 = MinSizeRel|x64
		{C6BA9101-F95F-355F-A2D1-00290D17AA60}.Release|x64.ActiveCfg = Release|x64
		{C6BA9101-F95F-355F-A2D1-00290D17AA60}.Release|x64.Build.0 = Release|x64
		{C6BA9101-F95F-355F-A2D1-00290D17AA60}.Release|x86.ActiveCfg = Release|x64
		{C6BA9101-F95F-355F-A2D1-00290D17AA60}.Release|x86.Build.0 = Release|x64
		{C6BA9101-F95F-355F-A2D1-00290D17AA60}.RelWithDebInfo|x64.ActiveCfg = RelWithDebInfo|x64
		{C6BA9101-F95F-355F-A2D1-00290D17AA60}.RelWithDebInfo|x64.Build.0 = RelWithDebInfo|x64
		{C6BA9101-F95F-355F-A2D1-00290D17AA60}.RelWithDebInfo|x86.ActiveCfg = RelWithDebInfo|x64
		{C6BA9101-F95F-355F-A2D1-00290D17AA60}.RelWithDebInfo|x86.Build.0 = RelWithDebInfo|x64
		{352FFA3B-C7BE-3E35-9A12-704BEE8F4E54}.Debug|x64.ActiveCfg = Debug|x64
		{352FFA3B-C7BE-3E35-9A12-704BEE8F4E54}.Debug|x64.Build.0 = Debug|x64
		{352FFA3B-C7BE-3E35-9A12-704BEE8F4E54}.Debug|x86.ActiveCfg = Debug|x64
		{352FFA3B-C7BE-3E35-9A12-704BEE8F4E54}.Debug|x86.Build.0 = Debug|x64
		{352FFA3B-C7BE-3E35-9A12-704BEE8F4E54}.MinSizeRel|x64.ActiveCfg = MinSizeRel|x64
		{352FFA3B-C7BE-3E35-9A12-704BEE8F4E54}.MinSizeRel|x64.Build.0 = MinSizeRel|x64
		{352FFA3B-C7BE-3E35-9A12-704BEE8F4E54}.MinSizeRel|x86.ActiveCfg = MinSizeRel|x64
		{352FFA3B-C7BE-3E35-9A12-704BEE8F4E54}.MinSizeRel|x86.Build.0 = MinSizeRel|x64
		{352FFA3B-C7BE-3E35-9A12-704BEE8F4E54}.Release|x64.ActiveCfg = Release|x64
		{352FFA3B-C7BE-3E35-9A12-704BEE8F4E54}.Release|x64.Build.0 = Release|x64
		{352FFA3B-C7BE-3E35-9A12-704BEE8F4E54}.Release|x86.ActiveCfg = Release|x64
		{352FFA3B-C7BE-3E35-9A12-704BEE8F4E54}.Release|x86.Build.0 = Release|x64
		{352FFA3B-C7BE-3E35-9A12-704BEE8F4E54}.RelWithDebInfo|x64.ActiveCfg = RelWithDebInfo|x64
		{352FFA3B-C7BE-3E35-9A12-704BEE8F4E54}.RelWithDebInfo|x64.Build.0 = RelWithDebInfo|x64
		{352FFA3B-C7BE-3E35-9A12-704BEE8F4E54}.RelWithDebInfo|x86.ActiveCfg = RelWithDebInfo|x64
		{352FFA3B-C7BE-3E35-9A12-704BEE8F4E54}.RelWithDebInfo|x86.Build.0 = RelWithDebInfo|x64
		{C5D573D7-B873-3BF3-A071-2CB372E1F7ED}.Debug|x64.ActiveCfg = Debug|x64
		{C5D573D7-B873-3BF3-A071-2CB372E1F7ED}.Debug|x64.Build.0 = Debug|x64
		{C5D573D7-B873-3BF3-A071-2CB372E1F7ED}.Debug|x86.ActiveCfg = Debug|x64
		{C5D573D7-B873-3BF3-A071-2CB372E1F7ED}.Debug|x86.Build.0 = Debug|x64
		{C5D573D7-B873-3BF3-A071-2CB372E1F7ED}.MinSizeRel|x64.ActiveCfg = MinSizeRel|x64
		{C5D573D7-B873-3BF3-A071-2CB372E1F7ED}.MinSizeRel|x64.Build.0 = MinSizeRel|x64
		{C5D573D7-B873-3BF3-A071-2CB372E1F7ED}.MinSizeRel|x86.ActiveCfg = MinSizeRel|x64
		{C5D573D7-B873-3BF3-A071-2CB372E1F7ED}.MinSizeRel|x86.Build.0 = MinSizeRel|x64
		{C5D573D7-B873-3BF3-A071-2CB372E1F7ED}.Release|x64.ActiveCfg = Release|x64
		{C5D573D7-B873-3BF3-A071-2CB372E1F7ED}.Release|x64.Build.0 = Release|x64
		{C5D573D7-B873-3BF3-A071-2CB372E1F7ED}.Release|x86.ActiveCfg = Release|x64
		{C5D573D7-B873-3BF3-A071-2CB372E1F7ED}.Release|x86.Build.0 = Release|x64
		{C5D573D7-B873-3BF3-A071-2CB372E1F7ED}.RelWithDebInfo|x64.ActiveCfg = RelWithDebInfo|x64
		{C5D573D7-B873-3BF3-A071-2CB372E1F7ED}.RelWithDebInfo|x64.Build.0 = RelWithDebInfo|x64
		{C5D573D7-B873-3BF3-A071-2CB372E1F7ED}.RelWithDebInfo|x86.ActiveCfg = RelWithDebInfo|x64
		{C5D573D7-B873-3BF3-A071-2CB372E1F7ED}.RelWithDebInfo|x86.Build.0 = RelWithDebInfo|x64
		{F950D5B6-F047-324B-A572-01342171F793}.Debug|x64.ActiveCfg = Debug|x64
		{F950D5B6-F047-324B-A572-01342171F793}.Debug|x64.Build.0 = Debug|x64
		{F950D5B6-F047-324B-A572-01342171F793}.Debug|x86.ActiveCfg = Debug|x64
		{F950D5B6-F047-324B-A572-01342171F793}.Debug|x86.Build.0 = Debug|x64
		{F950D5B6-F047-324B-A572-01342171F793}.MinSizeRel|x64.ActiveCfg = MinSizeRel|x64
		{F950D5B6-F047-324B-A572-01342171F793}.MinSizeRel|x64.Build.0 = MinSizeRel|x64
		{F950D5B6-F047-324B-A572-01342171F793}.MinSizeRel|x86.ActiveCfg = MinSizeRel|x64
		{F950D5B6-F047-324B-A572-01342171F793}.MinSizeRel|x86.Build.0 = MinSizeRel|x64
		{F950D5B6-F047-324B-A572-01342171F793}.Release|x64.ActiveCfg = Release|x64
		{F950D5B6-F047-324B-A572-01342171F793}.Release|x64.Build.0 = Release|x64
		{F950D5B6-F047-324B-A572-01342171F793}.Release|x86.ActiveCfg = Release|x64
		{F950D5B6-F047-324B-A572-01342171F793}.Release|x86.Build.0 = Release|x64
		{F950D5B6-F047-324B-A572-01342171F793}.RelWithDebInfo|x64.ActiveCfg = RelWithDebInfo|x64
		{F950D5B6-F047-324B-A572-01342171F793}.RelWithDebInfo|x64.Build.0 = RelWithDebInfo|x64
		{F950D5B6-F047-324B-A572-01342171F793}.RelWithDebInfo|x86.ActiveCfg = RelWithDebInfo|x64
		{F950D5B6-F047-324B-A572-01342171F793}.RelWithDebInfo|x86.Build.0 = RelWithDebInfo|x64
		{1772F3A4-2629-3EBF-9E19-16CBA41568C7}.Debug|x64.ActiveCfg = Debug|x64
		{1772F3A4-2629-3EBF-9E19-16CBA41568C7}.Debug|x64.Build.0 = Debug|x64
		{1772F3A4-2629-3EBF-9E19-16CBA41568C7}.Debug|x86.ActiveCfg = Debug|x64
		{1772F3A4-2629-3EBF-9E19-16CBA41568C7}.Debug|x86.Build.0 = Debug|x64
		{1772F3A4-2629-3EBF-9E19-16CBA41568C7}.MinSizeRel|x64.ActiveCfg = MinSizeRel|x64
		{1772F3A4-2629-3EBF-9E19-16CBA41568C7}.MinSizeRel|x64.Build.0 = MinSizeRel|x64
		{1772F3A4-2629-3EBF-9E19-16CBA41568C7}.MinSizeRel|x86.ActiveCfg = MinSizeRel|x64
		{1772F3A4-2629-3EBF-9E19-16CBA41568C7}.MinSizeRel|x86.Build.0 = MinSizeRel|x64
		{1772F3A4-2629-3EBF-9E19-16CBA41568C7}.Release|x64.ActiveCfg = Release|x64
		{1772F3A4-2629-3EBF-9E19-16CBA41568C7}.Release|x64.Build.0 = Release|x64
		{1772F3A4-2629-3EBF-9E19-16CBA41568C7}.Release|x86.ActiveCfg = Release|x64
		{1772F3A4-2629-3EBF-9E19-16CBA41568C7}.Release|x86.Build.0 = Release|x64
		{1772F3A4-2629-3EBF-9E19-16CBA41568C7}.RelWithDebInfo|x64.ActiveCfg = RelWithDebInfo|x64
		{1772F3A4-2629-3EBF-9E19-16CBA41568C7}.RelWithDebInfo|x64.Build.0 = RelWithDebInfo|x64
		{1772F3A4-2629-3EBF-9E19-16CBA41568C7}.RelWithDebInfo|x86.ActiveCfg = RelWithDebInfo|x64
		{1772F3A4-2629-3EBF-9E19-16CBA41568C7}.RelWithDebInfo|x86.Build.0 = RelWithDebInfo|x64
		{03A6ED71-EB32-3FBB-8809-0932B2CF2064}.Debug|x64.ActiveCfg = Debug|x64
		{03A6ED71-EB32-3FBB-8809-0932B2CF2064}.Debug|x64.Build.0 = Debug|x64
		{03A6ED71-EB32-3FBB-8809-0932B2CF2064}.Debug|x86.ActiveCfg = Debug|x64
		{03A6ED71-EB32-3FBB-8809-0932B2CF2064}.Debug|x86.Build.0 = Debug|x64
		{03A6ED71-EB32-3FBB-8809-0932B2CF2064}.MinSizeRel|x64.ActiveCfg = MinSizeRel|x64
		{03A6ED71-EB32-3FBB-8809-0932B2CF2064}.MinSizeRel|x64.Build.0 = MinSizeRel|x64
		{03A6ED71-EB32-3FBB-8809-0932B2CF2064}.MinSizeRel|x86.ActiveCfg = MinSizeRel|x64
		{03A6ED71-EB32-3FBB-8809-0932B2CF2064}.MinSizeRel|x86.Build.0 = MinSizeRel|x64
		{03A6ED71-EB32-3FBB-8809-0932B2CF2064}.Release|x64.ActiveCfg = Release|x64
		{03A6ED71-EB32-3FBB-8809-0932B2CF2064}.Release|x64.Build.0 = Release|x64
		{03A6ED71-EB32-3FBB-8809-0932B2CF2064}.Release|x86.ActiveCfg = Release|x64
		{03A6ED71-EB32-3FBB-8809-0932B2CF2064}.Release|x86.Build.0 = Release|x64
		{03A6ED71-EB32-3FBB-8809-0932B2CF2064}.RelWithDebInfo|x64.ActiveCfg = RelWithDebInfo|x64
		{03A6ED71-EB32-3FBB-8809-0932B2CF2064}.RelWithDebInfo|x64.Build.0 = RelWithDebInfo|x64
		{03A6ED71-EB32-3FBB-8809-0932B2CF2064}.RelWithDebInfo|x86.ActiveCfg = RelWithDebInfo|x64
		{03A6ED71-EB32-3FBB-8809-0932B2CF2064}.RelWithDebInfo|x86.Build.0 = RelWithDebInfo|x64
		{1C0FA7DC-15EB-37C1-AF6D-3572A26D9ECA}.Debug|x64.ActiveCfg = Debug|x64
		{1C0FA7DC-15EB-37C1-AF6D-3572A26D9ECA}.Debug|x86.ActiveCfg = Debug|x64
		{1C0FA7DC-15EB-37C1-AF6D-3572A26D9ECA}.Debug|x86.Build.0 = Debug|x64
		{1C0FA7DC-15EB-37C1-AF6D-3572A26D9ECA}.MinSizeRel|x64.ActiveCfg = MinSizeRel|x64
		{1C0FA7DC-15EB-37C1-AF6D-3572A26D9ECA}.MinSizeRel|x86.ActiveCfg = MinSizeRel|x64
		{1C0FA7DC-15EB-37C1-AF6D-3572A26D9ECA}.MinSizeRel|x86.Build.0 = MinSizeRel|x64
		{1C0FA7DC-15EB-37C1-AF6D-3572A26D9ECA}.Release|x64.ActiveCfg = Release|x64
		{1C0FA7DC-15EB-37C1-AF6D-3572A26D9ECA}.Release|x86.ActiveCfg = Release|x64
		{1C0FA7DC-15EB-37C1-AF6D-3572A26D9ECA}.Release|x86.Build.0 = Release|x64
		{1C0FA7DC-15EB-37C1-AF6D-3572A26D9ECA}.RelWithDebInfo|x64.ActiveCfg = RelWithDebInfo|x64
		{1C0FA7DC-15EB-37C1-AF6D-3572A26D9ECA}.RelWithDebInfo|x86.ActiveCfg = RelWithDebInfo|x64
		{1C0FA7DC-15EB-37C1-AF6D-3572A26D9ECA}.RelWithDebInfo|x86.Build.0 = RelWithDebInfo|x64
		{D6B8F402-F0CB-3B96-BE87-F11776DA1E2C}.Debug|x64.ActiveCfg = Debug|x64
		{D6B8F402-F0CB-3B96-BE87-F11776DA1E2C}.Debug|x86.ActiveCfg = Debug|x64
		{D6B8F402-F0CB-3B96-BE87-F11776DA1E2C}.Debug|x86.Build.0 = Debug|x64
		{D6B8F402-F0CB-3B96-BE87-F11776DA1E2C}.MinSizeRel|x64.ActiveCfg = MinSizeRel|x64
		{D6B8F402-F0CB-3B96-BE87-F11776DA1E2C}.MinSizeRel|x86.ActiveCfg = MinSizeRel|x64
		{D6B8F402-F0CB-3B96-BE87-F11776DA1E2C}.MinSizeRel|x86.Build.0 = MinSizeRel|x64
		{D6B8F402-F0CB-3B96-BE87-F11776DA1E2C}.Release|x64.ActiveCfg = Release|x64
		{D6B8F402-F0CB-3B96-BE87-F11776DA1E2C}.Release|x86.ActiveCfg = Release|x64
		{D6B8F402-F0CB-3B96-BE87-F11776DA1E2C}.Release|x86.Build.0 = Release|x64
		{D6B8F402-F0CB-3B96-BE87-F11776DA1E2C}.RelWithDebInfo|x64.ActiveCfg = RelWithDebInfo|x64
		{D6B8F402-F0CB-3B96-BE87-F11776DA1E2C}.RelWithDebInfo|x86.ActiveCfg = RelWithDebInfo|x64
		{D6B8F402-F0CB-3B96-BE87-F11776DA1E2C}.RelWithDebInfo|x86.Build.0 = RelWithDebInfo|x64
		{9874E3B7-CB9E-33F5-BB19-B517DA8CD73B}.Debug|x64.ActiveCfg = Debug|x64
		{9874E3B7-CB9E-33F5-BB19-B517DA8CD73B}.Debug|x64.Build.0 = Debug|x64
		{9874E3B7-CB9E-33F5-BB19-B517DA8CD73B}.Debug|x86.ActiveCfg = Debug|x64
		{9874E3B7-CB9E-33F5-BB19-B517DA8CD73B}.Debug|x86.Build.0 = Debug|x64
		{9874E3B7-CB9E-33F5-BB19-B517DA8CD73B}.MinSizeRel|x64.ActiveCfg = MinSizeRel|x64
		{9874E3B7-CB9E-33F5-BB19-B517DA8CD73B}.MinSizeRel|x64.Build.0 = MinSizeRel|x64
		{9874E3B7-CB9E-33F5-BB19-B517DA8CD73B}.MinSizeRel|x86.ActiveCfg = MinSizeRel|x64
		{9874E3B7-CB9E-33F5-BB19-B517DA8CD73B}.MinSizeRel|x86.Build.0 = MinSizeRel|x64
		{9874E3B7-CB9E-33F5-BB19-B517DA8CD73B}.Release|x64.ActiveCfg = Release|x64
		{9874E3B7-CB9E-33F5-BB19-B517DA8CD73B}.Release|x64.Build.0 = Release|x64
		{9874E3B7-CB9E-33F5-BB19-B517DA8CD73B}.Release|x86.ActiveCfg = Release|x64
		{9874E3B7-CB9E-33F5-BB19-B517DA8CD73B}.Release|x86.Build.0 = Release|x64
		{9874E3B7-CB9E-33F5-BB19-B517DA8CD73B}.RelWithDebInfo|x64.ActiveCfg = RelWithDebInfo|x64
		{9874E3B7-CB9E-33F5-BB19-B517DA8CD73B}.RelWithDebInfo|x64.Build.0 = RelWithDebInfo|x64
		{9874E3B7-CB9E-33F5-BB19-B517DA8CD73B}.RelWithDebInfo|x86.ActiveCfg = RelWithDebInfo|x64
		{9874E3B7-CB9E-33F5-BB19-B517DA8CD73B}.RelWithDebInfo|x86.Build.0 = RelWithDebInfo|x64
		{43F23D3C-7189-32BE-BC21-E1821D0D8D1A}.Debug|x64.ActiveCfg = Debug|x64
		{43F23D3C-7189-32BE-BC21-E1821D0D8D1A}.Debug|x64.Build.0 = Debug|x64
		{43F23D3C-7189-32BE-BC21-E1821D0D8D1A}.Debug|x86.ActiveCfg = Debug|x64
		{43F23D3C-7189-32BE-BC21-E1821D0D8D1A}.Debug|x86.Build.0 = Debug|x64
		{43F23D3C-7189-32BE-BC21-E1821D0D8D1A}.MinSizeRel|x64.ActiveCfg = MinSizeRel|x64
		{43F23D3C-7189-32BE-BC21-E1821D0D8D1A}.MinSizeRel|x64.Build.0 = MinSizeRel|x64
		{43F23D3C-7189-32BE-BC21-E1821D0D8D1A}.MinSizeRel|x86.ActiveCfg = MinSizeRel|x64
		{43F23D3C-7189-32BE-BC21-E1821D0D8D1A}.MinSizeRel|x86.Build.0 = MinSizeRel|x64
		{43F23D3C-7189-32BE-BC21-E1821D0D8D1A}.Release|x64.ActiveCfg = Release|x64
		{43F23D3C-7189-32BE-BC21-E1821D0D8D1A}.Release|x64.Build.0 = Release|x64
		{43F23D3C-7189-32BE-BC21-E1821D0D8D1A}.Release|x86.ActiveCfg = Release|x64
		{43F23D3C-7189-32BE-BC21-E1821D0D8D1A}.Release|x86.Build.0 = Release|x64
		{43F23D3C-7189-32BE-BC21-E1821D0D8D1A}.RelWithDebInfo|x64.ActiveCfg = RelWithDebInfo|x64
		{43F23D3C-7189-32BE-BC21-E1821D0D8D1A}.RelWithDebInfo|x64.Build.0 = RelWithDebInfo|x64
		{43F23D3C-7189-32BE-BC21-E1821D0D8D1A}.RelWithDebInfo|x86.ActiveCfg = RelWithDebInfo|x64
		{43F23D3C-7189-32BE-BC21-E1821D0D8D1A}.RelWithDebInfo|x86.Build.0 = RelWithDebInfo|x64
		{C36F53E7-92BC-347B-BB8D-6102FFAC0591}.Debug|x64.ActiveCfg = Debug|x64
		{C36F53E7-92BC-347B-BB8D-6102FFAC0591}.Debug|x64.Build.0 = Debug|x64
		{C36F53E7-92BC-347B-BB8D-6102FFAC0591}.Debug|x86.ActiveCfg = Debug|x64
		{C36F53E7-92BC-347B-BB8D-6102FFAC0591}.Debug|x86.Build.0 = Debug|x64
		{C36F53E7-92BC-347B-BB8D-6102FFAC0591}.MinSizeRel|x64.ActiveCfg = MinSizeRel|x64
		{C36F53E7-92BC-347B-BB8D-6102FFAC0591}.MinSizeRel|x64.Build.0 = MinSizeRel|x64
		{C36F53E7-92BC-347B-BB8D-6102FFAC0591}.MinSizeRel|x86.ActiveCfg = MinSizeRel|x64
		{C36F53E7-92BC-347B-BB8D-6102FFAC0591}.MinSizeRel|x86.Build.0 = MinSizeRel|x64
		{C36F53E7-92BC-347B-BB8D-6102FFAC0591}.Release|x64.ActiveCfg = Release|x64
		{C36F53E7-92BC-347B-BB8D-6102FFAC0591}.Release|x64.Build.0 = Release|x64
		{C36F53E7-92BC-347B-BB8D-6102FFAC0591}.Release|x86.ActiveCfg = Release|x64
		{C36F53E7-92BC-347B-BB8D-6102FFAC0591}.Release|x86.Build.0 = Release|x64
		{C36F53E7-92BC-347B-BB8D-6102FFAC0591}.RelWithDebInfo|x64.ActiveCfg = RelWithDebInfo|x64
		{C36F53E7-92BC-347B-BB8D-6102FFAC0591}.RelWithDebInfo|x64.Build.0 = RelWithDebInfo|x64
		{C36F53E7-92BC-347B-BB8D-6102FFAC0591}.RelWithDebInfo|x86.ActiveCfg = RelWithDebInfo|x64
		{C36F53E7-92BC-347B-BB8D-6102FFAC0591}.RelWithDebInfo|x86.Build.0 = RelWithDebInfo|x64
		{60F69B80-2549-3C84-9D11-3E05220F8D66}.Debug|x64.ActiveCfg = Debug|x64
		{60F69B80-2549-3C84-9D11-3E05220F8D66}.Debug|x64.Build.0 = Debug|x64
		{60F69B80-2549-3C84-9D11-3E05220F8D66}.Debug|x86.ActiveCfg = Debug|x64
		{60F69B80-2549-3C84-9D11-3E05220F8D66}.Debug|x86.Build.0 = Debug|x64
		{60F69B80-2549-3C84-9D11-3E05220F8D66}.MinSizeRel|x64.ActiveCfg = MinSizeRel|x64
		{60F69B80-2549-3C84-9D11-3E05220F8D66}.MinSizeRel|x64.Build.0 = MinSizeRel|x64
		{60F69B80-2549-3C84-9D11-3E05220F8D66}.MinSizeRel|x86.ActiveCfg = MinSizeRel|x64
		{60F69B80-2549-3C84-9D11-3E05220F8D66}.MinSizeRel|x86.Build.0 = MinSizeRel|x64
		{60F69B80-2549-3C84-9D11-3E05220F8D66}.Release|x64.ActiveCfg = Release|x64
		{60F69B80-2549-3C84-9D11-3E05220F8D66}.Release|x64.Build.0 = Release|x64
		{60F69B80-2549-3C84-9D11-3E05220F8D66}.Release|x86.ActiveCfg = Release|x64
		{60F69B80-2549-3C84-9D11-3E05220F8D66}.Release|x86.Build.0 = Release|x64
		{60F69B80-2549-3C84-9D11-3E05220F8D66}.RelWithDebInfo|x64.ActiveCfg = RelWithDebInfo|x64
		{60F69B80-2549-3C84-9D11-3E05220F8D66}.RelWithDebInfo|x64.Build.0 = RelWithDebInfo|x64
		{60F69B80-2549-3C84-9D11-3E05220F8D66}.RelWithDebInfo|x86.ActiveCfg = RelWithDebInfo|x64
		{60F69B80-2549-3C84-9D11-3E05220F8D66}.RelWithDebInfo|x86.Build.0 = RelWithDebInfo|x64
		{573D2909-606A-3138-BC73-C4D78F7675A3}.Debug|x64.ActiveCfg = Debug|x64
		{573D2909-606A-3138-BC73-C4D78F7675A3}.Debug|x64.Build.0 = Debug|x64
		{573D2909-606A-3138-BC73-C4D78F7675A3}.Debug|x86.ActiveCfg = Debug|x64
		{573D2909-606A-3138-BC73-C4D78F7675A3}.Debug|x86.Build.0 = Debug|x64
		{573D2909-606A-3138-BC73-C4D78F7675A3}.MinSizeRel|x64.ActiveCfg = MinSizeRel|x64
		{573D2909-606A-3138-BC73-C4D78F7675A3}.MinSizeRel|x64.Build.0 = MinSizeRel|x64
		{573D2909-606A-3138-BC73-C4D78F7675A3}.MinSizeRel|x86.ActiveCfg = MinSizeRel|x64
		{573D2909-606A-3138-BC73-C4D78F7675A3}.MinSizeRel|x86.Build.0 = MinSizeRel|x64
		{573D2909-606A-3138-BC73-C4D78F7675A3}.Release|x64.ActiveCfg = Release|x64
		{573D2909-606A-3138-BC73-C4D78F7675A3}.Release|x64.Build.0 = Release|x64
		{573D2909-606A-3138-BC73-C4D78F7675A3}.Release|x86.ActiveCfg = Release|x64
		{573D2909-606A-3138-BC73-C4D78F7675A3}.Release|x86.Build.0 = Release|x64
		{573D2909-606A-3138-BC73-C4D78F7675A3}.RelWithDebInfo|x64.ActiveCfg = RelWithDebInfo|x64
		{573D2909-606A-3138-BC73-C4D78F7675A3}.RelWithDebInfo|x64.Build.0 = RelWithDebInfo|x64
		{573D2909-606A-3138-BC73-C4D78F7675A3}.RelWithDebInfo|x86.ActiveCfg = RelWithDebInfo|x64
		{573D2909-606A-3138-BC73-C4D78F7675A3}.RelWithDebInfo|x86.Build.0 = RelWithDebInfo|x64
		{CA9D3256-5384-3ECE-87D2-603DBF2507AB}.Debug|x64.ActiveCfg = Debug|x64
		{CA9D3256-5384-3ECE-87D2-603DBF2507AB}.Debug|x64.Build.0 = Debug|x64
		{CA9D3256-5384-3ECE-87D2-603DBF2507AB}.Debug|x86.ActiveCfg = Debug|x64
		{CA9D3256-5384-3ECE-87D2-603DBF2507AB}.Debug|x86.Build.0 = Debug|x64
		{CA9D3256-5384-3ECE-87D2-603DBF2507AB}.MinSizeRel|x64.ActiveCfg = MinSizeRel|x64
		{CA9D3256-5384-3ECE-87D2-603DBF2507AB}.MinSizeRel|x64.Build.0 = MinSizeRel|x64
		{CA9D3256-5384-3ECE-87D2-603DBF2507AB}.MinSizeRel|x86.ActiveCfg = MinSizeRel|x64
		{CA9D3256-5384-3ECE-87D2-603DBF2507AB}.MinSizeRel|x86.Build.0 = MinSizeRel|x64
		{CA9D3256-5384-3ECE-87D2-603DBF2507AB}.Release|x64.ActiveCfg = Release|x64
		{CA9D3256-5384-3ECE-87D2-603DBF2507AB}.Release|x64.Build.0 = Release|x64
		{CA9D3256-5384-3ECE-87D2-603DBF2507AB}.Release|x86.ActiveCfg = Release|x64
		{CA9D3256-5384-3ECE-87D2-603DBF2507AB}.Release|x86.Build.0 = Release|x64
		{CA9D3256-5384-3ECE-87D2-603DBF2507AB}.RelWithDebInfo|x64.ActiveCfg = RelWithDebInfo|x64
		{CA9D3256-5384-3ECE-87D2-603DBF2507AB}.RelWithDebInfo|x64.Build.0 = RelWithDebInfo|x64
		{CA9D3256-5384-3ECE-87D2-603DBF2507AB}.RelWithDebInfo|x86.ActiveCfg = RelWithDebInfo|x64
		{CA9D3256-5384-3ECE-87D2-603DBF2507AB}.RelWithDebInfo|x86.Build.0 = RelWithDebInfo|x64
	EndGlobalSection
	GlobalSection(SolutionProperties) = preSolution
		HideSolutionNode = FALSE
	EndGlobalSection
	GlobalSection(NestedProjects) = preSolution
		{13A6A7C1-08CD-3BD8-B2B0-9E659078E6F5} = {07B016F7-ED66-4A04-BB62-F1377DF69A20}
		{13D48647-1AFF-49F3-8264-4C5A3C8E4B52} = {A616B106-87E3-464E-A53D-34E02C35F3AD}
		{FB6E1C46-C4B6-4B4E-A6C0-D52D1973753E} = {13D48647-1AFF-49F3-8264-4C5A3C8E4B52}
		{07B016F7-ED66-4A04-BB62-F1377DF69A20} = {13D48647-1AFF-49F3-8264-4C5A3C8E4B52}
		{667C8769-F8B9-3334-8312-8211BDA07B88} = {07B016F7-ED66-4A04-BB62-F1377DF69A20}
		{EA9DFD5C-2531-3B9A-994E-2239E01884A7} = {07B016F7-ED66-4A04-BB62-F1377DF69A20}
		{75742BD6-A842-3CD7-A3F6-2DEF454ABE4B} = {07B016F7-ED66-4A04-BB62-F1377DF69A20}
		{C6BA9101-F95F-355F-A2D1-00290D17AA60} = {FB6E1C46-C4B6-4B4E-A6C0-D52D1973753E}
		{352FFA3B-C7BE-3E35-9A12-704BEE8F4E54} = {FB6E1C46-C4B6-4B4E-A6C0-D52D1973753E}
		{C5D573D7-B873-3BF3-A071-2CB372E1F7ED} = {FB6E1C46-C4B6-4B4E-A6C0-D52D1973753E}
		{F950D5B6-F047-324B-A572-01342171F793} = {FB6E1C46-C4B6-4B4E-A6C0-D52D1973753E}
		{1772F3A4-2629-3EBF-9E19-16CBA41568C7} = {FB6E1C46-C4B6-4B4E-A6C0-D52D1973753E}
		{03A6ED71-EB32-3FBB-8809-0932B2CF2064} = {FB6E1C46-C4B6-4B4E-A6C0-D52D1973753E}
		{1C0FA7DC-15EB-37C1-AF6D-3572A26D9ECA} = {13D48647-1AFF-49F3-8264-4C5A3C8E4B52}
		{D6B8F402-F0CB-3B96-BE87-F11776DA1E2C} = {13D48647-1AFF-49F3-8264-4C5A3C8E4B52}
		{CFFCEF44-AA3F-4AFF-AAA6-9C91C95D8FB6} = {A616B106-87E3-464E-A53D-34E02C35F3AD}
		{9874E3B7-CB9E-33F5-BB19-B517DA8CD73B} = {DA09B2FD-71FC-4EF3-B0CE-AF8B46779A6B}
		{43F23D3C-7189-32BE-BC21-E1821D0D8D1A} = {DA09B2FD-71FC-4EF3-B0CE-AF8B46779A6B}
		{C36F53E7-92BC-347B-BB8D-6102FFAC0591} = {DA09B2FD-71FC-4EF3-B0CE-AF8B46779A6B}
		{DA09B2FD-71FC-4EF3-B0CE-AF8B46779A6B} = {CFFCEF44-AA3F-4AFF-AAA6-9C91C95D8FB6}
		{60F69B80-2549-3C84-9D11-3E05220F8D66} = {CFFCEF44-AA3F-4AFF-AAA6-9C91C95D8FB6}
		{573D2909-606A-3138-BC73-C4D78F7675A3} = {CFFCEF44-AA3F-4AFF-AAA6-9C91C95D8FB6}
		{CA9D3256-5384-3ECE-87D2-603DBF2507AB} = {CFFCEF44-AA3F-4AFF-AAA6-9C91C95D8FB6}
	EndGlobalSection
	GlobalSection(ExtensibilityGlobals) = postSolution
		SolutionGuid = {292D205D-69CB-4B99-9833-4B7EFDE0A815}
	EndGlobalSection
EndGlobal
