<?xml version="1.0" encoding="utf-8"?>
<Project ToolsVersion="4.0" xmlns="http://schemas.microsoft.com/developer/msbuild/2003">
  <ItemGroup>
    <Filter Include="Source Files">
      <UniqueIdentifier>{4FC737F1-C7A5-4376-A066-2A32D752A2FF}</UniqueIdentifier>
      <Extensions>qml;cpp;c;cc;cxx;def;odl;idl;hpj;bat;asm;asmx</Extensions>
    </Filter>
    <Filter Include="Header Files">
      <UniqueIdentifier>{93995380-89BD-4b04-88EB-625FBE52EBFB}</UniqueIdentifier>
      <Extensions>h;hh;hpp;hxx;hm;inl;inc;xsd</Extensions>
    </Filter>
    <Filter Include="Resource Files">
      <UniqueIdentifier>{67DA6AB6-F800-4c08-8B7A-83BB121AAD01}</UniqueIdentifier>
      <Extensions>qrc;rc;ico;cur;bmp;dlg;rc2;rct;bin;rgs;gif;jpg;jpeg;jpe;resx;tiff;tif;png;wav;mfcribbon-ms</Extensions>
    </Filter>
    <Filter Include="Form Files">
      <UniqueIdentifier>{99349809-55BA-4b9d-BF79-8FDBB0286EB3}</UniqueIdentifier>
      <Extensions>ui</Extensions>
    </Filter>
    <Filter Include="Translation Files">
      <UniqueIdentifier>{639EADAA-A684-42e4-A9AD-28FC9BCB8F7C}</UniqueIdentifier>
      <Extensions>ts</Extensions>
    </Filter>
  </ItemGroup>
  <ItemGroup>
    <QtMoc Include="SFML_EditorWidget.h">
      <Filter>Header Files</Filter>
    </QtMoc>
    <ClCompile Include="SFML_EditorWidget.cpp">
      <Filter>Source Files</Filter>
    </ClCompile>
    <QtMoc Include="inc\components\AbstractPressEvent.h">
      <Filter>Header Files</Filter>
    </QtMoc>
    <QtMoc Include="inc\canvas\Canvas.h">
      <Filter>Header Files</Filter>
    </QtMoc>
    <QtMoc Include="inc\components\MousePressEvent.h">
      <Filter>Header Files</Filter>
    </QtMoc>
    <QtMoc Include="inc\components\MouseFollower.h">
      <Filter>Header Files</Filter>
    </QtMoc>
    <QtMoc Include="inc\components\KeyPressEvent.h">
      <Filter>Header Files</Filter>
    </QtMoc>
  </ItemGroup>
  <ItemGroup>
    <ClInclude Include="inc\sfml_editorwidget_global.h">
      <Filter>Header Files</Filter>
    </ClInclude>
    <ClInclude Include="inc\objects\DrawableBoxCollider.h">
      <Filter>Header Files</Filter>
    </ClInclude>
    <ClInclude Include="inc\utilities\AABB.h">
      <Filter>Header Files</Filter>
    </ClInclude>
    <ClInclude Include="inc\canvas\CanvasForwardDeclaration.h">
      <Filter>Header Files</Filter>
    </ClInclude>
    <ClInclude Include="inc\objects\CanvasObject.h">
      <Filter>Header Files</Filter>
    </ClInclude>
    <ClInclude Include="inc\components\physics\Collider.h">
      <Filter>Header Files</Filter>
    </ClInclude>
    <ClInclude Include="inc\components\Component.h">
      <Filter>Header Files</Filter>
    </ClInclude>
    <ClInclude Include="inc\QSFML_EditorWidget.h">
      <Filter>Header Files</Filter>
    </ClInclude>
    <ClInclude Include="inc\utilities\Updatable.h">
      <Filter>Header Files</Filter>
    </ClInclude>
    <ClInclude Include="inc\utilities\VectorOperations.h">
      <Filter>Header Files</Filter>
    </ClInclude>
    <ClInclude Include="inc\objects\LineChart.h">
      <Filter>Header Files</Filter>
    </ClInclude>
    <ClInclude Include="inc\objects\VisibleCamera.h">
      <Filter>Header Files</Filter>
    </ClInclude>
    <ClInclude Include="inc\objects\DefaultEditor.h">
      <Filter>Header Files</Filter>
    </ClInclude>
    <ClInclude Include="inc\QSFML_debugSettings.h">
      <Filter>Header Files</Filter>
    </ClInclude>
    <ClInclude Include="inc\components\Text.h">
      <Filter>Header Files</Filter>
    </ClInclude>
    <ClInclude Include="inc\objects\BackgroundGrid.h">
      <Filter>Header Files</Filter>
    </ClInclude>
    <ClInclude Include="inc\components\Line.h">
      <Filter>Header Files</Filter>
    </ClInclude>
    <ClInclude Include="inc\components\SfEventHandle.h">
      <Filter>Header Files</Filter>
    </ClInclude>
    <ClInclude Include="inc\objects\CameraController.h">
      <Filter>Header Files</Filter>
    </ClInclude>
    <ClInclude Include="inc\components\Drawable.h">
      <Filter>Header Files</Filter>
    </ClInclude>
    <ClInclude Include="inc\components\DrawableVector.h">
      <Filter>Header Files</Filter>
    </ClInclude>
    <ClInclude Include="inc\canvas\RenderLayer.h">
      <Filter>Header Files</Filter>
    </ClInclude>
    <ClInclude Include="inc\canvas\CanvasSettings.h">
      <Filter>Header Files</Filter>
    </ClInclude>
    <ClInclude Include="inc\canvas\CanvasThreadWorker.h">
      <Filter>Header Files</Filter>
    </ClInclude>
    <ClInclude Include="inc\components\Button.h">
      <Filter>Header Files</Filter>
    </ClInclude>
    <ClInclude Include="inc\canvas\CanvasObjectContainer.h">
      <Filter>Header Files</Filter>
    </ClInclude>
    <ClInclude Include="inc\canvas\CanvasObjectGroup.h">
      <Filter>Header Files</Filter>
    </ClInclude>
    <ClInclude Include="inc\utilities\Time.h">
      <Filter>Header Files</Filter>
    </ClInclude>
  </ItemGroup>
  <ItemGroup>
    <ClCompile Include="src\utilities\AABB.cpp">
      <Filter>Source Files</Filter>
    </ClCompile>
    <ClCompile Include="src\objects\CanvasObject.cpp">
      <Filter>Source Files</Filter>
    </ClCompile>
    <ClCompile Include="src\canvas\CanvasThreadWorker.cpp">
      <Filter>Source Files</Filter>
    </ClCompile>
    <ClCompile Include="src\components\physics\Collider.cpp">
      <Filter>Source Files</Filter>
    </ClCompile>
    <ClCompile Include="src\components\Component.cpp">
      <Filter>Source Files</Filter>
    </ClCompile>
    <ClCompile Include="src\objects\DrawableBoxCollider.cpp">
      <Filter>Source Files</Filter>
    </ClCompile>
    <ClCompile Include="src\components\DrawableVector.cpp">
      <Filter>Source Files</Filter>
    </ClCompile>
    <ClCompile Include="src\components\MousePressEvent.cpp">
      <Filter>Source Files</Filter>
    </ClCompile>
    <ClCompile Include="src\canvas\Canvas.cpp">
      <Filter>Source Files</Filter>
    </ClCompile>
    <ClCompile Include="src\objects\CameraController.cpp">
      <Filter>Source Files</Filter>
    </ClCompile>
    <ClCompile Include="src\objects\DefaultEditor.cpp">
      <Filter>Source Files</Filter>
    </ClCompile>
    <ClCompile Include="src\objects\LineChart.cpp">
      <Filter>Source Files</Filter>
    </ClCompile>
    <ClCompile Include="src\utilities\VectorOperations.cpp">
      <Filter>Source Files</Filter>
    </ClCompile>
    <ClCompile Include="src\objects\BackgroundGrid.cpp">
      <Filter>Source Files</Filter>
    </ClCompile>
    <ClCompile Include="src\components\Drawable.cpp">
      <Filter>Source Files</Filter>
    </ClCompile>
    <ClCompile Include="src\components\KeyPressEvent.cpp">
      <Filter>Source Files</Filter>
    </ClCompile>
    <ClCompile Include="src\components\Line.cpp">
      <Filter>Source Files</Filter>
    </ClCompile>
    <ClCompile Include="src\components\MouseFollower.cpp">
      <Filter>Source Files</Filter>
    </ClCompile>
    <ClCompile Include="src\components\SfEventHandle.cpp">
      <Filter>Source Files</Filter>
    </ClCompile>
    <ClCompile Include="src\components\Text.cpp">
      <Filter>Source Files</Filter>
    </ClCompile>
    <ClCompile Include="src\components\AbstractPressEvent.cpp">
      <Filter>Source Files</Filter>
    </ClCompile>
    <ClCompile Include="src\components\Button.cpp">
      <Filter>Source Files</Filter>
    </ClCompile>
    <ClCompile Include="src\canvas\CanvasObjectContainer.cpp">
      <Filter>Source Files</Filter>
    </ClCompile>
    <ClCompile Include="src\canvas\CanvasObjectGroup.cpp">
      <Filter>Source Files</Filter>
    </ClCompile>
  </ItemGroup>
</Project>